
Microsoft Visual Studio Solution File, Format Version 12.00
# Visual Studio 15
VisualStudioVersion = 15.0.26730.16
MinimumVisualStudioVersion = 10.0.40219.1
Project("{FAE04EC0-301F-11D3-BF4B-00C04F79EFBC}") = "01.HW.01.DebitCardNumber", "01.HW.01.DebitCardNumber\01.HW.01.DebitCardNumber.csproj", "{210F96FB-2319-4BD7-B118-0235CA103077}"
EndProject
Project("{FAE04EC0-301F-11D3-BF4B-00C04F79EFBC}") = "01.HW.02.RectangleArea", "01.HW.02.RectangleArea\01.HW.02.RectangleArea.csproj", "{FB282C2E-B6E8-4576-92B2-513396FB32BD}"
EndProject
Project("{FAE04EC0-301F-11D3-BF4B-00C04F79EFBC}") = "01.HW.03.MilesToKilometers", "01.HW.03.MilesToKilometers\01.HW.03.MilesToKilometers.csproj", "{1F6416E7-0B2C-4053-A3F9-E4F4F88A3B16}"
EndProject
Project("{FAE04EC0-301F-11D3-BF4B-00C04F79EFBC}") = "01.HW.04.BeverageLabels", "01.HW.04.BeverageLabels\01.HW.04.BeverageLabels.csproj", "{A3A64288-C0DF-4CFB-A68E-B31BC17DED18}"
EndProject
Project("{FAE04EC0-301F-11D3-BF4B-00C04F79EFBC}") = "01.HW.05.CharacterStats", "01.HW.05.CharacterStats\01.HW.05.CharacterStats.csproj", "{DB9A3531-0611-481D-A68C-21C9AD17D23D}"
EndProject
Global
	GlobalSection(SolutionConfigurationPlatforms) = preSolution
		Debug|Any CPU = Debug|Any CPU
		Release|Any CPU = Release|Any CPU
	EndGlobalSection
	GlobalSection(ProjectConfigurationPlatforms) = postSolution
		{210F96FB-2319-4BD7-B118-0235CA103077}.Debug|Any CPU.ActiveCfg = Debug|Any CPU
		{210F96FB-2319-4BD7-B118-0235CA103077}.Debug|Any CPU.Build.0 = Debug|Any CPU
		{210F96FB-2319-4BD7-B118-0235CA103077}.Release|Any CPU.ActiveCfg = Release|Any CPU
		{210F96FB-2319-4BD7-B118-0235CA103077}.Release|Any CPU.Build.0 = Release|Any CPU
		{FB282C2E-B6E8-4576-92B2-513396FB32BD}.Debug|Any CPU.ActiveCfg = Debug|Any CPU
		{FB282C2E-B6E8-4576-92B2-513396FB32BD}.Debug|Any CPU.Build.0 = Debug|Any CPU
		{FB282C2E-B6E8-4576-92B2-513396FB32BD}.Release|Any CPU.ActiveCfg = Release|Any CPU
		{FB282C2E-B6E8-4576-92B2-513396FB32BD}.Release|Any CPU.Build.0 = Release|Any CPU
		{1F6416E7-0B2C-4053-A3F9-E4F4F88A3B16}.Debug|Any CPU.ActiveCfg = Debug|Any CPU
		{1F6416E7-0B2C-4053-A3F9-E4F4F88A3B16}.Debug|Any CPU.Build.0 = Debug|Any CPU
		{1F6416E7-0B2C-4053-A3F9-E4F4F88A3B16}.Release|Any CPU.ActiveCfg = Release|Any CPU
		{1F6416E7-0B2C-4053-A3F9-E4F4F88A3B16}.Release|Any CPU.Build.0 = Release|Any CPU
		{A3A64288-C0DF-4CFB-A68E-B31BC17DED18}.Debug|Any CPU.ActiveCfg = Debug|Any CPU
		{A3A64288-C0DF-4CFB-A68E-B31BC17DED18}.Debug|Any CPU.Build.0 = Debug|Any CPU
		{A3A64288-C0DF-4CFB-A68E-B31BC17DED18}.Release|Any CPU.ActiveCfg = Release|Any CPU
		{A3A64288-C0DF-4CFB-A68E-B31BC17DED18}.Release|Any CPU.Build.0 = Release|Any CPU
		{DB9A3531-0611-481D-A68C-21C9AD17D23D}.Debug|Any CPU.ActiveCfg = Debug|Any CPU
		{DB9A3531-0611-481D-A68C-21C9AD17D23D}.Debug|Any CPU.Build.0 = Debug|Any CPU
		{DB9A3531-0611-481D-A68C-21C9AD17D23D}.Release|Any CPU.ActiveCfg = Release|Any CPU
		{DB9A3531-0611-481D-A68C-21C9AD17D23D}.Release|Any CPU.Build.0 = Release|Any CPU
	EndGlobalSection
	GlobalSection(SolutionProperties) = preSolution
		HideSolutionNode = FALSE
	EndGlobalSection
	GlobalSection(ExtensibilityGlobals) = postSolution
		SolutionGuid = {15669F09-0845-408B-9C92-9A6505AE6D79}
	EndGlobalSection
EndGlobal
