
Microsoft Visual Studio Solution File, Format Version 12.00
# Visual Studio 15
VisualStudioVersion = 15.0.26730.16
MinimumVisualStudioVersion = 10.0.40219.1
Project("{FAE04EC0-301F-11D3-BF4B-00C04F79EFBC}") = "01.PracticeIntegers", "01.PracticeIntegers\01.PracticeIntegers.csproj", "{B3DF9B76-E15C-459A-A448-9E8786167BD1}"
EndProject
Project("{FAE04EC0-301F-11D3-BF4B-00C04F79EFBC}") = "02.PracticeFloatingPointNumbers", "02.PracticeFloatingPointNumbers\02.PracticeFloatingPointNumbers.csproj", "{2E4ADAB1-CB52-471C-BB42-597E282FE26F}"
EndProject
Project("{FAE04EC0-301F-11D3-BF4B-00C04F79EFBC}") = "03.PracticeCharactersAndStrings", "03.PracticeCharactersAndStrings\03.PracticeCharactersAndStrings.csproj", "{4FF28F15-35FB-4F2F-8C15-12427AC9A121}"
EndProject
Project("{FAE04EC0-301F-11D3-BF4B-00C04F79EFBC}") = "04.VariableInHexadecimalFormat", "04.VariableInHexadecimalFormat\04.VariableInHexadecimalFormat.csproj", "{4507384C-CEBE-419C-92DE-84EB31374E95}"
EndProject
Project("{FAE04EC0-301F-11D3-BF4B-00C04F79EFBC}") = "05.BooleanVariable", "05.BooleanVariable\05.BooleanVariable.csproj", "{999A79B2-F70A-4626-81D9-5F16F0D32C6C}"
EndProject
Project("{FAE04EC0-301F-11D3-BF4B-00C04F79EFBC}") = "06.StringsAndObjects", "06.StringsAndObjects\06.StringsAndObjects.csproj", "{097F505E-F5B0-4B20-9023-6F1134B56AC4}"
EndProject
Project("{FAE04EC0-301F-11D3-BF4B-00C04F79EFBC}") = "07.ExchangeVariableValues", "07.ExchangeVariableValues\07.ExchangeVariableValues.csproj", "{F22EE626-B73E-4975-8808-64851620CDBB}"
EndProject
Project("{FAE04EC0-301F-11D3-BF4B-00C04F79EFBC}") = "08.EmployeeData", "08.EmployeeData\08.EmployeeData.csproj", "{7AFBBA45-C813-4E1F-B952-74EB466FFF55}"
EndProject
Project("{FAE04EC0-301F-11D3-BF4B-00C04F79EFBC}") = "09.ReverseCharacters", "09.ReverseCharacters\09.ReverseCharacters.csproj", "{48E78459-9FE5-4A41-BB84-1AA26CD4E606}"
EndProject
Project("{FAE04EC0-301F-11D3-BF4B-00C04F79EFBC}") = "10.CenturiesToNanoseconds", "10.CenturiesToNanoseconds\10.CenturiesToNanoseconds.csproj", "{3549D6C1-58D7-41B4-9D8C-74924620280B}"
EndProject
Project("{FAE04EC0-301F-11D3-BF4B-00C04F79EFBC}") = "11.ConvertSpeedUnits", "11.ConvertSpeedUnits\11.ConvertSpeedUnits.csproj", "{47C96565-2BB6-4CBC-B634-1CDAB2370AEB}"
EndProject
Project("{FAE04EC0-301F-11D3-BF4B-00C04F79EFBC}") = "18.DifferentIntegersSize", "18.DifferentIntegersSize\18.DifferentIntegersSize.csproj", "{828FF0DA-D2CE-4D14-A525-D803E580D1DF}"
EndProject
Project("{FAE04EC0-301F-11D3-BF4B-00C04F79EFBC}") = "19.TheaThePhotographer", "19.TheaThePhotographer\19.TheaThePhotographer.csproj", "{92FA0B2F-E06F-4869-AAD6-6F8FB5ED48A0}"
EndProject
Project("{FAE04EC0-301F-11D3-BF4B-00C04F79EFBC}") = "17.PrintPartOfTheASCIITable", "17.PrintPartOfTheASCIITable\17.PrintPartOfTheASCIITable.csproj", "{2D5E3429-D3C1-4428-A09B-6C14A91810F5}"
EndProject
Project("{FAE04EC0-301F-11D3-BF4B-00C04F79EFBC}") = "16.ComparingFloats", "16.ComparingFloats\16.ComparingFloats.csproj", "{C1C28A8B-23D6-4DB3-9977-9A87A7763CDC}"
EndProject
Project("{FAE04EC0-301F-11D3-BF4B-00C04F79EFBC}") = "15.FastPrimeChecker-Refactor", "15.FastPrimeChecker-Refactor\15.FastPrimeChecker-Refactor.csproj", "{272DB949-600E-4106-8C72-36E4826A856F}"
EndProject
Project("{FAE04EC0-301F-11D3-BF4B-00C04F79EFBC}") = "14.IntegerToHexAndBinary", "14.IntegerToHexAndBinary\14.IntegerToHexAndBinary.csproj", "{88182E8E-48F5-4111-B2C1-C9B5618D8C5D}"
EndProject
Project("{FAE04EC0-301F-11D3-BF4B-00C04F79EFBC}") = "13.VowelOrDigit", "13.VowelOrDigit\13.VowelOrDigit.csproj", "{C2952BA4-A4CF-4F0C-82E2-F98C9C53E4AA}"
EndProject
Project("{FAE04EC0-301F-11D3-BF4B-00C04F79EFBC}") = "12.RectangleProperties", "12.RectangleProperties\12.RectangleProperties.csproj", "{F55A6DBF-96C5-4848-8DF4-580544FF6EFB}"
EndProject
Global
	GlobalSection(SolutionConfigurationPlatforms) = preSolution
		Debug|Any CPU = Debug|Any CPU
		Release|Any CPU = Release|Any CPU
	EndGlobalSection
	GlobalSection(ProjectConfigurationPlatforms) = postSolution
		{B3DF9B76-E15C-459A-A448-9E8786167BD1}.Debug|Any CPU.ActiveCfg = Debug|Any CPU
		{B3DF9B76-E15C-459A-A448-9E8786167BD1}.Debug|Any CPU.Build.0 = Debug|Any CPU
		{B3DF9B76-E15C-459A-A448-9E8786167BD1}.Release|Any CPU.ActiveCfg = Release|Any CPU
		{B3DF9B76-E15C-459A-A448-9E8786167BD1}.Release|Any CPU.Build.0 = Release|Any CPU
		{2E4ADAB1-CB52-471C-BB42-597E282FE26F}.Debug|Any CPU.ActiveCfg = Debug|Any CPU
		{2E4ADAB1-CB52-471C-BB42-597E282FE26F}.Debug|Any CPU.Build.0 = Debug|Any CPU
		{2E4ADAB1-CB52-471C-BB42-597E282FE26F}.Release|Any CPU.ActiveCfg = Release|Any CPU
		{2E4ADAB1-CB52-471C-BB42-597E282FE26F}.Release|Any CPU.Build.0 = Release|Any CPU
		{4FF28F15-35FB-4F2F-8C15-12427AC9A121}.Debug|Any CPU.ActiveCfg = Debug|Any CPU
		{4FF28F15-35FB-4F2F-8C15-12427AC9A121}.Debug|Any CPU.Build.0 = Debug|Any CPU
		{4FF28F15-35FB-4F2F-8C15-12427AC9A121}.Release|Any CPU.ActiveCfg = Release|Any CPU
		{4FF28F15-35FB-4F2F-8C15-12427AC9A121}.Release|Any CPU.Build.0 = Release|Any CPU
		{4507384C-CEBE-419C-92DE-84EB31374E95}.Debug|Any CPU.ActiveCfg = Debug|Any CPU
		{4507384C-CEBE-419C-92DE-84EB31374E95}.Debug|Any CPU.Build.0 = Debug|Any CPU
		{4507384C-CEBE-419C-92DE-84EB31374E95}.Release|Any CPU.ActiveCfg = Release|Any CPU
		{4507384C-CEBE-419C-92DE-84EB31374E95}.Release|Any CPU.Build.0 = Release|Any CPU
		{999A79B2-F70A-4626-81D9-5F16F0D32C6C}.Debug|Any CPU.ActiveCfg = Debug|Any CPU
		{999A79B2-F70A-4626-81D9-5F16F0D32C6C}.Debug|Any CPU.Build.0 = Debug|Any CPU
		{999A79B2-F70A-4626-81D9-5F16F0D32C6C}.Release|Any CPU.ActiveCfg = Release|Any CPU
		{999A79B2-F70A-4626-81D9-5F16F0D32C6C}.Release|Any CPU.Build.0 = Release|Any CPU
		{097F505E-F5B0-4B20-9023-6F1134B56AC4}.Debug|Any CPU.ActiveCfg = Debug|Any CPU
		{097F505E-F5B0-4B20-9023-6F1134B56AC4}.Debug|Any CPU.Build.0 = Debug|Any CPU
		{097F505E-F5B0-4B20-9023-6F1134B56AC4}.Release|Any CPU.ActiveCfg = Release|Any CPU
		{097F505E-F5B0-4B20-9023-6F1134B56AC4}.Release|Any CPU.Build.0 = Release|Any CPU
		{F22EE626-B73E-4975-8808-64851620CDBB}.Debug|Any CPU.ActiveCfg = Debug|Any CPU
		{F22EE626-B73E-4975-8808-64851620CDBB}.Debug|Any CPU.Build.0 = Debug|Any CPU
		{F22EE626-B73E-4975-8808-64851620CDBB}.Release|Any CPU.ActiveCfg = Release|Any CPU
		{F22EE626-B73E-4975-8808-64851620CDBB}.Release|Any CPU.Build.0 = Release|Any CPU
		{7AFBBA45-C813-4E1F-B952-74EB466FFF55}.Debug|Any CPU.ActiveCfg = Debug|Any CPU
		{7AFBBA45-C813-4E1F-B952-74EB466FFF55}.Debug|Any CPU.Build.0 = Debug|Any CPU
		{7AFBBA45-C813-4E1F-B952-74EB466FFF55}.Release|Any CPU.ActiveCfg = Release|Any CPU
		{7AFBBA45-C813-4E1F-B952-74EB466FFF55}.Release|Any CPU.Build.0 = Release|Any CPU
		{48E78459-9FE5-4A41-BB84-1AA26CD4E606}.Debug|Any CPU.ActiveCfg = Debug|Any CPU
		{48E78459-9FE5-4A41-BB84-1AA26CD4E606}.Debug|Any CPU.Build.0 = Debug|Any CPU
		{48E78459-9FE5-4A41-BB84-1AA26CD4E606}.Release|Any CPU.ActiveCfg = Release|Any CPU
		{48E78459-9FE5-4A41-BB84-1AA26CD4E606}.Release|Any CPU.Build.0 = Release|Any CPU
		{3549D6C1-58D7-41B4-9D8C-74924620280B}.Debug|Any CPU.ActiveCfg = Debug|Any CPU
		{3549D6C1-58D7-41B4-9D8C-74924620280B}.Debug|Any CPU.Build.0 = Debug|Any CPU
		{3549D6C1-58D7-41B4-9D8C-74924620280B}.Release|Any CPU.ActiveCfg = Release|Any CPU
		{3549D6C1-58D7-41B4-9D8C-74924620280B}.Release|Any CPU.Build.0 = Release|Any CPU
		{47C96565-2BB6-4CBC-B634-1CDAB2370AEB}.Debug|Any CPU.ActiveCfg = Debug|Any CPU
		{47C96565-2BB6-4CBC-B634-1CDAB2370AEB}.Debug|Any CPU.Build.0 = Debug|Any CPU
		{47C96565-2BB6-4CBC-B634-1CDAB2370AEB}.Release|Any CPU.ActiveCfg = Release|Any CPU
		{47C96565-2BB6-4CBC-B634-1CDAB2370AEB}.Release|Any CPU.Build.0 = Release|Any CPU
		{828FF0DA-D2CE-4D14-A525-D803E580D1DF}.Debug|Any CPU.ActiveCfg = Debug|Any CPU
		{828FF0DA-D2CE-4D14-A525-D803E580D1DF}.Debug|Any CPU.Build.0 = Debug|Any CPU
		{828FF0DA-D2CE-4D14-A525-D803E580D1DF}.Release|Any CPU.ActiveCfg = Release|Any CPU
		{828FF0DA-D2CE-4D14-A525-D803E580D1DF}.Release|Any CPU.Build.0 = Release|Any CPU
		{92FA0B2F-E06F-4869-AAD6-6F8FB5ED48A0}.Debug|Any CPU.ActiveCfg = Debug|Any CPU
		{92FA0B2F-E06F-4869-AAD6-6F8FB5ED48A0}.Debug|Any CPU.Build.0 = Debug|Any CPU
		{92FA0B2F-E06F-4869-AAD6-6F8FB5ED48A0}.Release|Any CPU.ActiveCfg = Release|Any CPU
		{92FA0B2F-E06F-4869-AAD6-6F8FB5ED48A0}.Release|Any CPU.Build.0 = Release|Any CPU
		{2D5E3429-D3C1-4428-A09B-6C14A91810F5}.Debug|Any CPU.ActiveCfg = Debug|Any CPU
		{2D5E3429-D3C1-4428-A09B-6C14A91810F5}.Debug|Any CPU.Build.0 = Debug|Any CPU
		{2D5E3429-D3C1-4428-A09B-6C14A91810F5}.Release|Any CPU.ActiveCfg = Release|Any CPU
		{2D5E3429-D3C1-4428-A09B-6C14A91810F5}.Release|Any CPU.Build.0 = Release|Any CPU
		{C1C28A8B-23D6-4DB3-9977-9A87A7763CDC}.Debug|Any CPU.ActiveCfg = Debug|Any CPU
		{C1C28A8B-23D6-4DB3-9977-9A87A7763CDC}.Debug|Any CPU.Build.0 = Debug|Any CPU
		{C1C28A8B-23D6-4DB3-9977-9A87A7763CDC}.Release|Any CPU.ActiveCfg = Release|Any CPU
		{C1C28A8B-23D6-4DB3-9977-9A87A7763CDC}.Release|Any CPU.Build.0 = Release|Any CPU
		{272DB949-600E-4106-8C72-36E4826A856F}.Debug|Any CPU.ActiveCfg = Debug|Any CPU
		{272DB949-600E-4106-8C72-36E4826A856F}.Debug|Any CPU.Build.0 = Debug|Any CPU
		{272DB949-600E-4106-8C72-36E4826A856F}.Release|Any CPU.ActiveCfg = Release|Any CPU
		{272DB949-600E-4106-8C72-36E4826A856F}.Release|Any CPU.Build.0 = Release|Any CPU
		{88182E8E-48F5-4111-B2C1-C9B5618D8C5D}.Debug|Any CPU.ActiveCfg = Debug|Any CPU
		{88182E8E-48F5-4111-B2C1-C9B5618D8C5D}.Debug|Any CPU.Build.0 = Debug|Any CPU
		{88182E8E-48F5-4111-B2C1-C9B5618D8C5D}.Release|Any CPU.ActiveCfg = Release|Any CPU
		{88182E8E-48F5-4111-B2C1-C9B5618D8C5D}.Release|Any CPU.Build.0 = Release|Any CPU
		{C2952BA4-A4CF-4F0C-82E2-F98C9C53E4AA}.Debug|Any CPU.ActiveCfg = Debug|Any CPU
		{C2952BA4-A4CF-4F0C-82E2-F98C9C53E4AA}.Debug|Any CPU.Build.0 = Debug|Any CPU
		{C2952BA4-A4CF-4F0C-82E2-F98C9C53E4AA}.Release|Any CPU.ActiveCfg = Release|Any CPU
		{C2952BA4-A4CF-4F0C-82E2-F98C9C53E4AA}.Release|Any CPU.Build.0 = Release|Any CPU
		{F55A6DBF-96C5-4848-8DF4-580544FF6EFB}.Debug|Any CPU.ActiveCfg = Debug|Any CPU
		{F55A6DBF-96C5-4848-8DF4-580544FF6EFB}.Debug|Any CPU.Build.0 = Debug|Any CPU
		{F55A6DBF-96C5-4848-8DF4-580544FF6EFB}.Release|Any CPU.ActiveCfg = Release|Any CPU
		{F55A6DBF-96C5-4848-8DF4-580544FF6EFB}.Release|Any CPU.Build.0 = Release|Any CPU
	EndGlobalSection
	GlobalSection(SolutionProperties) = preSolution
		HideSolutionNode = FALSE
	EndGlobalSection
	GlobalSection(ExtensibilityGlobals) = postSolution
		SolutionGuid = {C57EC01E-5CEC-4177-B5E6-32CC5A428F43}
	EndGlobalSection
EndGlobal
